{
  "object": {
    "pins": [
      {
        "package": "CLibdill",
        "repositoryURL": "https://github.com/Zewo/CLibdill.git",
        "state": {
          "branch": null,
          "revision": "08292f2dbff76f51b4cf514124699611743e3cab",
          "version": "2.0.0"
        }
      },
      {
        "package": "FileCheck",
        "repositoryURL": "https://github.com/llvm-swift/FileCheck.git",
        "state": {
          "branch": null,
          "revision": "1c966580c83cf2e41be802992d46fe2edfc5c95f",
          "version": "0.0.5"
        }
      },
      {
        "package": "LLVM",
        "repositoryURL": "https://github.com/llvm-swift/LLVMSwift",
        "state": {
          "branch": "master",
          "revision": "d734db6c0ec274782440414fc1d186b988935a4e",
          "version": null
        }
      },
      {
        "package": "OysterKit",
        "repositoryURL": "https://github.com/SwiftStudies/OysterKit.git",
        "state": {
          "branch": "master",
          "revision": "9594861d49ac06adc7c2874e2f743da25f1ff1fc",
          "version": null
        }
      },
      {
        "package": "SwiftParsec",
        "repositoryURL": "https://github.com/davedufresne/SwiftParsec",
        "state": {
          "branch": null,
          "revision": "5ab615f5179dd21a1d997cca3c09ca359a6818b7",
          "version": "3.0.0"
        }
      },
      {
        "package": "Venice",
        "repositoryURL": "https://github.com/Zewo/Venice.git",
        "state": {
          "branch": null,
          "revision": "3e78449dfefac3ab2952200ff8a4fa0165ef415a",
          "version": "0.20.0"
        }
      },
      {
        "package": "cllvm",
        "repositoryURL": "https://github.com/llvm-swift/cllvm.git",
        "state": {
          "branch": null,
          "revision": "e85a8ebe9f45cff9fa31b43c32662318232b392a",
          "version": "0.0.3"
        }
      }
    ]
  },
  "version": 1
}
