// !$*UTF8*$!
{
	archiveVersion = 1;
	classes = {
	};
	objectVersion = 46;
	objects = {

/* Begin PBXAggregateTarget section */
		"Swiftlet::SwiftletPackageTests::ProductTarget" /* SwiftletPackageTests */ = {
			isa = PBXAggregateTarget;
			buildConfigurationList = OBJ_135 /* Build configuration list for PBXAggregateTarget "SwiftletPackageTests" */;
			buildPhases = (
			);
			dependencies = (
				OBJ_138 /* PBXTargetDependency */,
			);
			name = SwiftletPackageTests;
			productName = SwiftletPackageTests;
		};
		"Swiftlet::swiftlet::ProductTarget" /* swiftlet */ = {
			isa = PBXAggregateTarget;
			buildConfigurationList = OBJ_151 /* Build configuration list for PBXAggregateTarget "swiftlet" */;
			buildPhases = (
			);
			dependencies = (
				OBJ_154 /* PBXTargetDependency */,
			);
			name = swiftlet;
			productName = swiftlet;
		};
/* End PBXAggregateTarget section */

/* Begin PBXBuildFile section */
		D1431A2921527BF100BFFB04 /* Parser.swift in Sources */ = {isa = PBXBuildFile; fileRef = D1431A2821527BF100BFFB04 /* Parser.swift */; };
		D1431A2B21527C5C00BFFB04 /* SyntaxTree.swift in Sources */ = {isa = PBXBuildFile; fileRef = D1431A2A21527C5C00BFFB04 /* SyntaxTree.swift */; };
		D1431A2F215284E100BFFB04 /* ScopeTree.swift in Sources */ = {isa = PBXBuildFile; fileRef = D1431A2E215284E100BFFB04 /* ScopeTree.swift */; };
		D1B77A5C2150E8B700C2D330 /* Lexer.swift in Sources */ = {isa = PBXBuildFile; fileRef = D1B77A582150E83D00C2D330 /* Lexer.swift */; };
		D1B77A5D2150E8B700C2D330 /* Stream.swift in Sources */ = {isa = PBXBuildFile; fileRef = D1B77A592150E83D00C2D330 /* Stream.swift */; };
		D1B77A5E2150E8B700C2D330 /* LineReader.swift in Sources */ = {isa = PBXBuildFile; fileRef = D1B77A5A2150E83D00C2D330 /* LineReader.swift */; };
		D1B77A5F2150E8B700C2D330 /* FileReader.swift in Sources */ = {isa = PBXBuildFile; fileRef = D1B77A5B2150E83D00C2D330 /* FileReader.swift */; };
		OBJ_102 /* Package.swift in Sources */ = {isa = PBXBuildFile; fileRef = OBJ_61 /* Package.swift */; };
		OBJ_108 /* main.swift in Sources */ = {isa = PBXBuildFile; fileRef = OBJ_9 /* main.swift */; };
		OBJ_110 /* SwiftletKit.framework in Frameworks */ = {isa = PBXBuildFile; fileRef = "Swiftlet::SwiftletKit::Product" /* SwiftletKit.framework */; };
		OBJ_111 /* Splash.framework in Frameworks */ = {isa = PBXBuildFile; fileRef = "Splash::Splash::Product" /* Splash.framework */; };
		OBJ_119 /* Error.swift in Sources */ = {isa = PBXBuildFile; fileRef = OBJ_11 /* Error.swift */; };
		OBJ_122 /* Result.swift in Sources */ = {isa = PBXBuildFile; fileRef = OBJ_14 /* Result.swift */; };
		OBJ_124 /* Token.swift in Sources */ = {isa = PBXBuildFile; fileRef = OBJ_16 /* Token.swift */; };
		OBJ_126 /* Splash.framework in Frameworks */ = {isa = PBXBuildFile; fileRef = "Splash::Splash::Product" /* Splash.framework */; };
		OBJ_133 /* Package.swift in Sources */ = {isa = PBXBuildFile; fileRef = OBJ_6 /* Package.swift */; };
		OBJ_144 /* SwiftletTests.swift in Sources */ = {isa = PBXBuildFile; fileRef = OBJ_19 /* SwiftletTests.swift */; };
		OBJ_146 /* SwiftletKit.framework in Frameworks */ = {isa = PBXBuildFile; fileRef = "Swiftlet::SwiftletKit::Product" /* SwiftletKit.framework */; };
		OBJ_147 /* Splash.framework in Frameworks */ = {isa = PBXBuildFile; fileRef = "Splash::Splash::Product" /* Splash.framework */; };
		OBJ_72 /* CharacterSet+Contains.swift in Sources */ = {isa = PBXBuildFile; fileRef = OBJ_26 /* CharacterSet+Contains.swift */; };
		OBJ_73 /* Equatable+AnyOf.swift in Sources */ = {isa = PBXBuildFile; fileRef = OBJ_28 /* Equatable+AnyOf.swift */; };
		OBJ_74 /* Int+IsOdd.swift in Sources */ = {isa = PBXBuildFile; fileRef = OBJ_30 /* Int+IsOdd.swift */; };
		OBJ_75 /* Sequence+AnyOf.swift in Sources */ = {isa = PBXBuildFile; fileRef = OBJ_32 /* Sequence+AnyOf.swift */; };
		OBJ_76 /* Sequence+Occurrences.swift in Sources */ = {isa = PBXBuildFile; fileRef = OBJ_33 /* Sequence+Occurrences.swift */; };
		OBJ_77 /* String+IsNumber.swift in Sources */ = {isa = PBXBuildFile; fileRef = OBJ_35 /* String+IsNumber.swift */; };
		OBJ_78 /* String+PrefixChecking.swift in Sources */ = {isa = PBXBuildFile; fileRef = OBJ_36 /* String+PrefixChecking.swift */; };
		OBJ_79 /* String+Removing.swift in Sources */ = {isa = PBXBuildFile; fileRef = OBJ_37 /* String+Removing.swift */; };
		OBJ_80 /* Substring+HasSuffix.swift in Sources */ = {isa = PBXBuildFile; fileRef = OBJ_38 /* Substring+HasSuffix.swift */; };
		OBJ_81 /* Grammar.swift in Sources */ = {isa = PBXBuildFile; fileRef = OBJ_40 /* Grammar.swift */; };
		OBJ_82 /* SwiftGrammar.swift in Sources */ = {isa = PBXBuildFile; fileRef = OBJ_41 /* SwiftGrammar.swift */; };
		OBJ_83 /* AttributedStringOutputFormat.swift in Sources */ = {isa = PBXBuildFile; fileRef = OBJ_43 /* AttributedStringOutputFormat.swift */; };
		OBJ_84 /* HTMLOutputFormat.swift in Sources */ = {isa = PBXBuildFile; fileRef = OBJ_44 /* HTMLOutputFormat.swift */; };
		OBJ_85 /* OutputBuilder.swift in Sources */ = {isa = PBXBuildFile; fileRef = OBJ_45 /* OutputBuilder.swift */; };
		OBJ_86 /* OutputFormat.swift in Sources */ = {isa = PBXBuildFile; fileRef = OBJ_46 /* OutputFormat.swift */; };
		OBJ_87 /* SyntaxHighlighter.swift in Sources */ = {isa = PBXBuildFile; fileRef = OBJ_48 /* SyntaxHighlighter.swift */; };
		OBJ_88 /* SyntaxRule.swift in Sources */ = {isa = PBXBuildFile; fileRef = OBJ_49 /* SyntaxRule.swift */; };
		OBJ_89 /* Color.swift in Sources */ = {isa = PBXBuildFile; fileRef = OBJ_51 /* Color.swift */; };
		OBJ_90 /* Font.swift in Sources */ = {isa = PBXBuildFile; fileRef = OBJ_52 /* Font.swift */; };
		OBJ_91 /* Theme+Defaults.swift in Sources */ = {isa = PBXBuildFile; fileRef = OBJ_53 /* Theme+Defaults.swift */; };
		OBJ_92 /* Theme.swift in Sources */ = {isa = PBXBuildFile; fileRef = OBJ_54 /* Theme.swift */; };
		OBJ_93 /* Segment.swift in Sources */ = {isa = PBXBuildFile; fileRef = OBJ_56 /* Segment.swift */; };
		OBJ_94 /* TokenType.swift in Sources */ = {isa = PBXBuildFile; fileRef = OBJ_57 /* TokenType.swift */; };
		OBJ_95 /* Tokenizer.swift in Sources */ = {isa = PBXBuildFile; fileRef = OBJ_58 /* Tokenizer.swift */; };
/* End PBXBuildFile section */

/* Begin PBXContainerItemProxy section */
		D1210C0C215039EA00E577F0 /* PBXContainerItemProxy */ = {
			isa = PBXContainerItemProxy;
			containerPortal = OBJ_1 /* Project object */;
			proxyType = 1;
			remoteGlobalIDString = "Swiftlet::SwiftletKit";
			remoteInfo = SwiftletKit;
		};
		D1210C0D215039EA00E577F0 /* PBXContainerItemProxy */ = {
			isa = PBXContainerItemProxy;
			containerPortal = OBJ_1 /* Project object */;
			proxyType = 1;
			remoteGlobalIDString = "Splash::Splash";
			remoteInfo = Splash;
		};
		D1210C0E215039EA00E577F0 /* PBXContainerItemProxy */ = {
			isa = PBXContainerItemProxy;
			containerPortal = OBJ_1 /* Project object */;
			proxyType = 1;
			remoteGlobalIDString = "Splash::Splash";
			remoteInfo = Splash;
		};
		D1210C0F215039EA00E577F0 /* PBXContainerItemProxy */ = {
			isa = PBXContainerItemProxy;
			containerPortal = OBJ_1 /* Project object */;
			proxyType = 1;
			remoteGlobalIDString = "Swiftlet::SwiftletKit";
			remoteInfo = SwiftletKit;
		};
		D1210C10215039EA00E577F0 /* PBXContainerItemProxy */ = {
			isa = PBXContainerItemProxy;
			containerPortal = OBJ_1 /* Project object */;
			proxyType = 1;
			remoteGlobalIDString = "Splash::Splash";
			remoteInfo = Splash;
		};
		D1210C11215039EB00E577F0 /* PBXContainerItemProxy */ = {
			isa = PBXContainerItemProxy;
			containerPortal = OBJ_1 /* Project object */;
			proxyType = 1;
			remoteGlobalIDString = "Swiftlet::SwiftletTests";
			remoteInfo = SwiftletTests;
		};
		D1210C12215039EB00E577F0 /* PBXContainerItemProxy */ = {
			isa = PBXContainerItemProxy;
			containerPortal = OBJ_1 /* Project object */;
			proxyType = 1;
			remoteGlobalIDString = "Swiftlet::Swiftlet";
			remoteInfo = Swiftlet;
		};
/* End PBXContainerItemProxy section */

/* Begin PBXFileReference section */
		D1431A2821527BF100BFFB04 /* Parser.swift */ = {isa = PBXFileReference; lastKnownFileType = sourcecode.swift; path = Parser.swift; sourceTree = "<group>"; };
		D1431A2A21527C5C00BFFB04 /* SyntaxTree.swift */ = {isa = PBXFileReference; lastKnownFileType = sourcecode.swift; path = SyntaxTree.swift; sourceTree = "<group>"; };
		D1431A2E215284E100BFFB04 /* ScopeTree.swift */ = {isa = PBXFileReference; lastKnownFileType = sourcecode.swift; path = ScopeTree.swift; sourceTree = "<group>"; };
		D1B77A582150E83D00C2D330 /* Lexer.swift */ = {isa = PBXFileReference; lastKnownFileType = sourcecode.swift; path = Lexer.swift; sourceTree = "<group>"; };
		D1B77A592150E83D00C2D330 /* Stream.swift */ = {isa = PBXFileReference; lastKnownFileType = sourcecode.swift; path = Stream.swift; sourceTree = "<group>"; };
		D1B77A5A2150E83D00C2D330 /* LineReader.swift */ = {isa = PBXFileReference; lastKnownFileType = sourcecode.swift; path = LineReader.swift; sourceTree = "<group>"; };
		D1B77A5B2150E83D00C2D330 /* FileReader.swift */ = {isa = PBXFileReference; lastKnownFileType = sourcecode.swift; path = FileReader.swift; sourceTree = "<group>"; };
		OBJ_11 /* Error.swift */ = {isa = PBXFileReference; lastKnownFileType = sourcecode.swift; path = Error.swift; sourceTree = "<group>"; };
		OBJ_14 /* Result.swift */ = {isa = PBXFileReference; lastKnownFileType = sourcecode.swift; path = Result.swift; sourceTree = "<group>"; };
		OBJ_16 /* Token.swift */ = {isa = PBXFileReference; lastKnownFileType = sourcecode.swift; path = Token.swift; sourceTree = "<group>"; };
		OBJ_19 /* SwiftletTests.swift */ = {isa = PBXFileReference; lastKnownFileType = sourcecode.swift; path = SwiftletTests.swift; sourceTree = "<group>"; };
		OBJ_26 /* CharacterSet+Contains.swift */ = {isa = PBXFileReference; lastKnownFileType = sourcecode.swift; path = "CharacterSet+Contains.swift"; sourceTree = "<group>"; };
		OBJ_28 /* Equatable+AnyOf.swift */ = {isa = PBXFileReference; lastKnownFileType = sourcecode.swift; path = "Equatable+AnyOf.swift"; sourceTree = "<group>"; };
		OBJ_30 /* Int+IsOdd.swift */ = {isa = PBXFileReference; lastKnownFileType = sourcecode.swift; path = "Int+IsOdd.swift"; sourceTree = "<group>"; };
		OBJ_32 /* Sequence+AnyOf.swift */ = {isa = PBXFileReference; lastKnownFileType = sourcecode.swift; path = "Sequence+AnyOf.swift"; sourceTree = "<group>"; };
		OBJ_33 /* Sequence+Occurrences.swift */ = {isa = PBXFileReference; lastKnownFileType = sourcecode.swift; path = "Sequence+Occurrences.swift"; sourceTree = "<group>"; };
		OBJ_35 /* String+IsNumber.swift */ = {isa = PBXFileReference; lastKnownFileType = sourcecode.swift; path = "String+IsNumber.swift"; sourceTree = "<group>"; };
		OBJ_36 /* String+PrefixChecking.swift */ = {isa = PBXFileReference; lastKnownFileType = sourcecode.swift; path = "String+PrefixChecking.swift"; sourceTree = "<group>"; };
		OBJ_37 /* String+Removing.swift */ = {isa = PBXFileReference; lastKnownFileType = sourcecode.swift; path = "String+Removing.swift"; sourceTree = "<group>"; };
		OBJ_38 /* Substring+HasSuffix.swift */ = {isa = PBXFileReference; lastKnownFileType = sourcecode.swift; path = "Substring+HasSuffix.swift"; sourceTree = "<group>"; };
		OBJ_40 /* Grammar.swift */ = {isa = PBXFileReference; lastKnownFileType = sourcecode.swift; path = Grammar.swift; sourceTree = "<group>"; };
		OBJ_41 /* SwiftGrammar.swift */ = {isa = PBXFileReference; lastKnownFileType = sourcecode.swift; path = SwiftGrammar.swift; sourceTree = "<group>"; };
		OBJ_43 /* AttributedStringOutputFormat.swift */ = {isa = PBXFileReference; lastKnownFileType = sourcecode.swift; path = AttributedStringOutputFormat.swift; sourceTree = "<group>"; };
		OBJ_44 /* HTMLOutputFormat.swift */ = {isa = PBXFileReference; lastKnownFileType = sourcecode.swift; path = HTMLOutputFormat.swift; sourceTree = "<group>"; };
		OBJ_45 /* OutputBuilder.swift */ = {isa = PBXFileReference; lastKnownFileType = sourcecode.swift; path = OutputBuilder.swift; sourceTree = "<group>"; };
		OBJ_46 /* OutputFormat.swift */ = {isa = PBXFileReference; lastKnownFileType = sourcecode.swift; path = OutputFormat.swift; sourceTree = "<group>"; };
		OBJ_48 /* SyntaxHighlighter.swift */ = {isa = PBXFileReference; lastKnownFileType = sourcecode.swift; path = SyntaxHighlighter.swift; sourceTree = "<group>"; };
		OBJ_49 /* SyntaxRule.swift */ = {isa = PBXFileReference; lastKnownFileType = sourcecode.swift; path = SyntaxRule.swift; sourceTree = "<group>"; };
		OBJ_51 /* Color.swift */ = {isa = PBXFileReference; lastKnownFileType = sourcecode.swift; path = Color.swift; sourceTree = "<group>"; };
		OBJ_52 /* Font.swift */ = {isa = PBXFileReference; lastKnownFileType = sourcecode.swift; path = Font.swift; sourceTree = "<group>"; };
		OBJ_53 /* Theme+Defaults.swift */ = {isa = PBXFileReference; lastKnownFileType = sourcecode.swift; path = "Theme+Defaults.swift"; sourceTree = "<group>"; };
		OBJ_54 /* Theme.swift */ = {isa = PBXFileReference; lastKnownFileType = sourcecode.swift; path = Theme.swift; sourceTree = "<group>"; };
		OBJ_56 /* Segment.swift */ = {isa = PBXFileReference; lastKnownFileType = sourcecode.swift; path = Segment.swift; sourceTree = "<group>"; };
		OBJ_57 /* TokenType.swift */ = {isa = PBXFileReference; lastKnownFileType = sourcecode.swift; path = TokenType.swift; sourceTree = "<group>"; };
		OBJ_58 /* Tokenizer.swift */ = {isa = PBXFileReference; lastKnownFileType = sourcecode.swift; path = Tokenizer.swift; sourceTree = "<group>"; };
		OBJ_6 /* Package.swift */ = {isa = PBXFileReference; explicitFileType = sourcecode.swift; path = Package.swift; sourceTree = "<group>"; };
		OBJ_61 /* Package.swift */ = {isa = PBXFileReference; explicitFileType = sourcecode.swift; name = Package.swift; path = /Users/maxd/Documents/Splash/Package.swift; sourceTree = "<group>"; };
		OBJ_9 /* main.swift */ = {isa = PBXFileReference; lastKnownFileType = sourcecode.swift; path = main.swift; sourceTree = "<group>"; };
		"Splash::Splash::Product" /* Splash.framework */ = {isa = PBXFileReference; lastKnownFileType = wrapper.framework; path = Splash.framework; sourceTree = BUILT_PRODUCTS_DIR; };
		"Swiftlet::Swiftlet::Product" /* Swiftlet */ = {isa = PBXFileReference; lastKnownFileType = text; path = Swiftlet; sourceTree = BUILT_PRODUCTS_DIR; };
		"Swiftlet::SwiftletKit::Product" /* SwiftletKit.framework */ = {isa = PBXFileReference; lastKnownFileType = wrapper.framework; path = SwiftletKit.framework; sourceTree = BUILT_PRODUCTS_DIR; };
		"Swiftlet::SwiftletTests::Product" /* SwiftletTests.xctest */ = {isa = PBXFileReference; lastKnownFileType = file; path = SwiftletTests.xctest; sourceTree = BUILT_PRODUCTS_DIR; };
/* End PBXFileReference section */

/* Begin PBXFrameworksBuildPhase section */
		OBJ_109 /* Frameworks */ = {
			isa = PBXFrameworksBuildPhase;
			buildActionMask = 0;
			files = (
				OBJ_110 /* SwiftletKit.framework in Frameworks */,
				OBJ_111 /* Splash.framework in Frameworks */,
			);
			runOnlyForDeploymentPostprocessing = 0;
		};
		OBJ_125 /* Frameworks */ = {
			isa = PBXFrameworksBuildPhase;
			buildActionMask = 0;
			files = (
				OBJ_126 /* Splash.framework in Frameworks */,
			);
			runOnlyForDeploymentPostprocessing = 0;
		};
		OBJ_145 /* Frameworks */ = {
			isa = PBXFrameworksBuildPhase;
			buildActionMask = 0;
			files = (
				OBJ_146 /* SwiftletKit.framework in Frameworks */,
				OBJ_147 /* Splash.framework in Frameworks */,
			);
			runOnlyForDeploymentPostprocessing = 0;
		};
		OBJ_96 /* Frameworks */ = {
			isa = PBXFrameworksBuildPhase;
			buildActionMask = 0;
			files = (
			);
			runOnlyForDeploymentPostprocessing = 0;
		};
/* End PBXFrameworksBuildPhase section */

/* Begin PBXGroup section */
		D1431A2C2152849300BFFB04 /* Parser */ = {
			isa = PBXGroup;
			children = (
				D1431A2821527BF100BFFB04 /* Parser.swift */,
				D1431A2A21527C5C00BFFB04 /* SyntaxTree.swift */,
			);
			path = Parser;
			sourceTree = "<group>";
		};
		D1431A2D215284A400BFFB04 /* Semantics */ = {
			isa = PBXGroup;
			children = (
				D1431A2E215284E100BFFB04 /* ScopeTree.swift */,
			);
			path = Semantics;
			sourceTree = "<group>";
		};
		D1B77A572150E83D00C2D330 /* Streams */ = {
			isa = PBXGroup;
			children = (
				D1431A2D215284A400BFFB04 /* Semantics */,
				D1431A2C2152849300BFFB04 /* Parser */,
				D1B77A592150E83D00C2D330 /* Stream.swift */,
				D1B77A5A2150E83D00C2D330 /* LineReader.swift */,
				D1B77A5B2150E83D00C2D330 /* FileReader.swift */,
				D1B77A582150E83D00C2D330 /* Lexer.swift */,
			);
			path = Streams;
			sourceTree = "<group>";
		};
		OBJ_10 /* SwiftletKit */ = {
			isa = PBXGroup;
			children = (
				D1B77A572150E83D00C2D330 /* Streams */,
				OBJ_11 /* Error.swift */,
				OBJ_14 /* Result.swift */,
				OBJ_16 /* Token.swift */,
			);
			name = SwiftletKit;
			path = Sources/SwiftletKit;
			sourceTree = SOURCE_ROOT;
		};
		OBJ_17 /* Tests */ = {
			isa = PBXGroup;
			children = (
				OBJ_18 /* SwiftletTests */,
			);
			path = Tests;
			sourceTree = SOURCE_ROOT;
		};
		OBJ_18 /* SwiftletTests */ = {
			isa = PBXGroup;
			children = (
				OBJ_19 /* SwiftletTests.swift */,
			);
			path = SwiftletTests;
			sourceTree = "<group>";
		};
		OBJ_20 /* Dependencies */ = {
			isa = PBXGroup;
			children = (
				OBJ_21 /* Splash */,
			);
			name = Dependencies;
			sourceTree = "<group>";
		};
		OBJ_21 /* Splash */ = {
			isa = PBXGroup;
			children = (
				OBJ_22 /* SplashTokenizer */,
				OBJ_23 /* Splash */,
				OBJ_59 /* SplashImageGen */,
				OBJ_60 /* SplashHTMLGen */,
				OBJ_61 /* Package.swift */,
			);
			name = Splash;
			sourceTree = SOURCE_ROOT;
		};
		OBJ_22 /* SplashTokenizer */ = {
			isa = PBXGroup;
			children = (
			);
			name = SplashTokenizer;
			path = ../Splash/Sources/SplashTokenizer;
			sourceTree = SOURCE_ROOT;
		};
		OBJ_23 /* Splash */ = {
			isa = PBXGroup;
			children = (
				OBJ_24 /* Extensions */,
				OBJ_39 /* Grammar */,
				OBJ_42 /* Output */,
				OBJ_47 /* Syntax */,
				OBJ_50 /* Theming */,
				OBJ_55 /* Tokenizing */,
			);
			name = Splash;
			path = ../Splash/Sources/Splash;
			sourceTree = SOURCE_ROOT;
		};
		OBJ_24 /* Extensions */ = {
			isa = PBXGroup;
			children = (
				OBJ_25 /* CharacterSet */,
				OBJ_27 /* Equatable */,
				OBJ_29 /* Int */,
				OBJ_31 /* Sequence */,
				OBJ_34 /* Strings */,
			);
			path = Extensions;
			sourceTree = "<group>";
		};
		OBJ_25 /* CharacterSet */ = {
			isa = PBXGroup;
			children = (
				OBJ_26 /* CharacterSet+Contains.swift */,
			);
			path = CharacterSet;
			sourceTree = "<group>";
		};
		OBJ_27 /* Equatable */ = {
			isa = PBXGroup;
			children = (
				OBJ_28 /* Equatable+AnyOf.swift */,
			);
			path = Equatable;
			sourceTree = "<group>";
		};
		OBJ_29 /* Int */ = {
			isa = PBXGroup;
			children = (
				OBJ_30 /* Int+IsOdd.swift */,
			);
			path = Int;
			sourceTree = "<group>";
		};
		OBJ_31 /* Sequence */ = {
			isa = PBXGroup;
			children = (
				OBJ_32 /* Sequence+AnyOf.swift */,
				OBJ_33 /* Sequence+Occurrences.swift */,
			);
			path = Sequence;
			sourceTree = "<group>";
		};
		OBJ_34 /* Strings */ = {
			isa = PBXGroup;
			children = (
				OBJ_35 /* String+IsNumber.swift */,
				OBJ_36 /* String+PrefixChecking.swift */,
				OBJ_37 /* String+Removing.swift */,
				OBJ_38 /* Substring+HasSuffix.swift */,
			);
			path = Strings;
			sourceTree = "<group>";
		};
		OBJ_39 /* Grammar */ = {
			isa = PBXGroup;
			children = (
				OBJ_40 /* Grammar.swift */,
				OBJ_41 /* SwiftGrammar.swift */,
			);
			path = Grammar;
			sourceTree = "<group>";
		};
		OBJ_42 /* Output */ = {
			isa = PBXGroup;
			children = (
				OBJ_43 /* AttributedStringOutputFormat.swift */,
				OBJ_44 /* HTMLOutputFormat.swift */,
				OBJ_45 /* OutputBuilder.swift */,
				OBJ_46 /* OutputFormat.swift */,
			);
			path = Output;
			sourceTree = "<group>";
		};
		OBJ_47 /* Syntax */ = {
			isa = PBXGroup;
			children = (
				OBJ_48 /* SyntaxHighlighter.swift */,
				OBJ_49 /* SyntaxRule.swift */,
			);
			path = Syntax;
			sourceTree = "<group>";
		};
		OBJ_5 = {
			isa = PBXGroup;
			children = (
				OBJ_6 /* Package.swift */,
				OBJ_7 /* Sources */,
				OBJ_17 /* Tests */,
				OBJ_20 /* Dependencies */,
				OBJ_62 /* Products */,
			);
			indentWidth = 2;
			sourceTree = "<group>";
			tabWidth = 2;
		};
		OBJ_50 /* Theming */ = {
			isa = PBXGroup;
			children = (
				OBJ_51 /* Color.swift */,
				OBJ_52 /* Font.swift */,
				OBJ_53 /* Theme+Defaults.swift */,
				OBJ_54 /* Theme.swift */,
			);
			path = Theming;
			sourceTree = "<group>";
		};
		OBJ_55 /* Tokenizing */ = {
			isa = PBXGroup;
			children = (
				OBJ_56 /* Segment.swift */,
				OBJ_57 /* TokenType.swift */,
				OBJ_58 /* Tokenizer.swift */,
			);
			path = Tokenizing;
			sourceTree = "<group>";
		};
		OBJ_59 /* SplashImageGen */ = {
			isa = PBXGroup;
			children = (
			);
			name = SplashImageGen;
			path = ../Splash/Sources/SplashImageGen;
			sourceTree = SOURCE_ROOT;
		};
		OBJ_60 /* SplashHTMLGen */ = {
			isa = PBXGroup;
			children = (
			);
			name = SplashHTMLGen;
			path = ../Splash/Sources/SplashHTMLGen;
			sourceTree = SOURCE_ROOT;
		};
		OBJ_62 /* Products */ = {
			isa = PBXGroup;
			children = (
				"Swiftlet::SwiftletTests::Product" /* SwiftletTests.xctest */,
				"Splash::Splash::Product" /* Splash.framework */,
				"Swiftlet::SwiftletKit::Product" /* SwiftletKit.framework */,
				"Swiftlet::Swiftlet::Product" /* Swiftlet */,
			);
			name = Products;
			sourceTree = BUILT_PRODUCTS_DIR;
		};
		OBJ_7 /* Sources */ = {
			isa = PBXGroup;
			children = (
				OBJ_8 /* Swiftlet */,
				OBJ_10 /* SwiftletKit */,
			);
			name = Sources;
			sourceTree = SOURCE_ROOT;
		};
		OBJ_8 /* Swiftlet */ = {
			isa = PBXGroup;
			children = (
				OBJ_9 /* main.swift */,
			);
			name = Swiftlet;
			path = Sources/Swiftlet;
			sourceTree = SOURCE_ROOT;
		};
/* End PBXGroup section */

/* Begin PBXNativeTarget section */
		"Splash::Splash" /* Splash */ = {
			isa = PBXNativeTarget;
			buildConfigurationList = OBJ_68 /* Build configuration list for PBXNativeTarget "Splash" */;
			buildPhases = (
				OBJ_71 /* Sources */,
				OBJ_96 /* Frameworks */,
			);
			buildRules = (
			);
			dependencies = (
			);
			name = Splash;
			productName = Splash;
			productReference = "Splash::Splash::Product" /* Splash.framework */;
			productType = "com.apple.product-type.framework";
		};
		"Splash::SwiftPMPackageDescription" /* SplashPackageDescription */ = {
			isa = PBXNativeTarget;
			buildConfigurationList = OBJ_98 /* Build configuration list for PBXNativeTarget "SplashPackageDescription" */;
			buildPhases = (
				OBJ_101 /* Sources */,
			);
			buildRules = (
			);
			dependencies = (
			);
			name = SplashPackageDescription;
			productName = SplashPackageDescription;
			productType = "com.apple.product-type.framework";
		};
		"Swiftlet::SwiftPMPackageDescription" /* SwiftletPackageDescription */ = {
			isa = PBXNativeTarget;
			buildConfigurationList = OBJ_129 /* Build configuration list for PBXNativeTarget "SwiftletPackageDescription" */;
			buildPhases = (
				OBJ_132 /* Sources */,
			);
			buildRules = (
			);
			dependencies = (
			);
			name = SwiftletPackageDescription;
			productName = SwiftletPackageDescription;
			productType = "com.apple.product-type.framework";
		};
		"Swiftlet::Swiftlet" /* Swiftlet */ = {
			isa = PBXNativeTarget;
			buildConfigurationList = OBJ_104 /* Build configuration list for PBXNativeTarget "Swiftlet" */;
			buildPhases = (
				OBJ_107 /* Sources */,
				OBJ_109 /* Frameworks */,
			);
			buildRules = (
			);
			dependencies = (
				OBJ_112 /* PBXTargetDependency */,
				OBJ_114 /* PBXTargetDependency */,
			);
			name = Swiftlet;
			productName = Swiftlet;
			productReference = "Swiftlet::Swiftlet::Product" /* Swiftlet */;
			productType = "com.apple.product-type.tool";
		};
		"Swiftlet::SwiftletKit" /* SwiftletKit */ = {
			isa = PBXNativeTarget;
			buildConfigurationList = OBJ_115 /* Build configuration list for PBXNativeTarget "SwiftletKit" */;
			buildPhases = (
				OBJ_118 /* Sources */,
				OBJ_125 /* Frameworks */,
			);
			buildRules = (
			);
			dependencies = (
				OBJ_127 /* PBXTargetDependency */,
			);
			name = SwiftletKit;
			productName = SwiftletKit;
			productReference = "Swiftlet::SwiftletKit::Product" /* SwiftletKit.framework */;
			productType = "com.apple.product-type.framework";
		};
		"Swiftlet::SwiftletTests" /* SwiftletTests */ = {
			isa = PBXNativeTarget;
			buildConfigurationList = OBJ_140 /* Build configuration list for PBXNativeTarget "SwiftletTests" */;
			buildPhases = (
				OBJ_143 /* Sources */,
				OBJ_145 /* Frameworks */,
			);
			buildRules = (
			);
			dependencies = (
				OBJ_148 /* PBXTargetDependency */,
				OBJ_149 /* PBXTargetDependency */,
			);
			name = SwiftletTests;
			productName = SwiftletTests;
			productReference = "Swiftlet::SwiftletTests::Product" /* SwiftletTests.xctest */;
			productType = "com.apple.product-type.bundle.unit-test";
		};
/* End PBXNativeTarget section */

/* Begin PBXProject section */
		OBJ_1 /* Project object */ = {
			isa = PBXProject;
			attributes = {
				LastUpgradeCheck = 9999;
			};
			buildConfigurationList = OBJ_2 /* Build configuration list for PBXProject "Swiftlet" */;
			compatibilityVersion = "Xcode 3.2";
			developmentRegion = English;
			hasScannedForEncodings = 0;
			knownRegions = (
				en,
			);
			mainGroup = OBJ_5;
			productRefGroup = OBJ_62 /* Products */;
			projectDirPath = "";
			projectRoot = "";
			targets = (
				"Splash::Splash" /* Splash */,
				"Splash::SwiftPMPackageDescription" /* SplashPackageDescription */,
				"Swiftlet::Swiftlet" /* Swiftlet */,
				"Swiftlet::SwiftletKit" /* SwiftletKit */,
				"Swiftlet::SwiftPMPackageDescription" /* SwiftletPackageDescription */,
				"Swiftlet::SwiftletPackageTests::ProductTarget" /* SwiftletPackageTests */,
				"Swiftlet::SwiftletTests" /* SwiftletTests */,
				"Swiftlet::swiftlet::ProductTarget" /* swiftlet */,
			);
		};
/* End PBXProject section */

/* Begin PBXSourcesBuildPhase section */
		OBJ_101 /* Sources */ = {
			isa = PBXSourcesBuildPhase;
			buildActionMask = 0;
			files = (
				OBJ_102 /* Package.swift in Sources */,
			);
			runOnlyForDeploymentPostprocessing = 0;
		};
		OBJ_107 /* Sources */ = {
			isa = PBXSourcesBuildPhase;
			buildActionMask = 0;
			files = (
				OBJ_108 /* main.swift in Sources */,
			);
			runOnlyForDeploymentPostprocessing = 0;
		};
		OBJ_118 /* Sources */ = {
			isa = PBXSourcesBuildPhase;
			buildActionMask = 0;
			files = (
				OBJ_119 /* Error.swift in Sources */,
				OBJ_122 /* Result.swift in Sources */,
				D1B77A5F2150E8B700C2D330 /* FileReader.swift in Sources */,
				D1B77A5C2150E8B700C2D330 /* Lexer.swift in Sources */,
				OBJ_124 /* Token.swift in Sources */,
				D1B77A5E2150E8B700C2D330 /* LineReader.swift in Sources */,
				D1B77A5D2150E8B700C2D330 /* Stream.swift in Sources */,
			);
			runOnlyForDeploymentPostprocessing = 0;
		};
		OBJ_132 /* Sources */ = {
			isa = PBXSourcesBuildPhase;
			buildActionMask = 0;
			files = (
				OBJ_133 /* Package.swift in Sources */,
			);
			runOnlyForDeploymentPostprocessing = 0;
		};
		OBJ_143 /* Sources */ = {
			isa = PBXSourcesBuildPhase;
			buildActionMask = 0;
			files = (
				OBJ_144 /* SwiftletTests.swift in Sources */,
			);
			runOnlyForDeploymentPostprocessing = 0;
		};
		OBJ_71 /* Sources */ = {
			isa = PBXSourcesBuildPhase;
			buildActionMask = 0;
			files = (
				OBJ_72 /* CharacterSet+Contains.swift in Sources */,
				OBJ_73 /* Equatable+AnyOf.swift in Sources */,
				OBJ_74 /* Int+IsOdd.swift in Sources */,
				D1431A2F215284E100BFFB04 /* ScopeTree.swift in Sources */,
				OBJ_75 /* Sequence+AnyOf.swift in Sources */,
				D1431A2B21527C5C00BFFB04 /* SyntaxTree.swift in Sources */,
				OBJ_76 /* Sequence+Occurrences.swift in Sources */,
				OBJ_77 /* String+IsNumber.swift in Sources */,
				OBJ_78 /* String+PrefixChecking.swift in Sources */,
				OBJ_79 /* String+Removing.swift in Sources */,
				OBJ_80 /* Substring+HasSuffix.swift in Sources */,
				OBJ_81 /* Grammar.swift in Sources */,
				OBJ_82 /* SwiftGrammar.swift in Sources */,
				OBJ_83 /* AttributedStringOutputFormat.swift in Sources */,
				OBJ_84 /* HTMLOutputFormat.swift in Sources */,
				OBJ_85 /* OutputBuilder.swift in Sources */,
				OBJ_86 /* OutputFormat.swift in Sources */,
				OBJ_87 /* SyntaxHighlighter.swift in Sources */,
				OBJ_88 /* SyntaxRule.swift in Sources */,
				D1431A2921527BF100BFFB04 /* Parser.swift in Sources */,
				OBJ_89 /* Color.swift in Sources */,
				OBJ_90 /* Font.swift in Sources */,
				OBJ_91 /* Theme+Defaults.swift in Sources */,
				OBJ_92 /* Theme.swift in Sources */,
				OBJ_93 /* Segment.swift in Sources */,
				OBJ_94 /* TokenType.swift in Sources */,
				OBJ_95 /* Tokenizer.swift in Sources */,
			);
			runOnlyForDeploymentPostprocessing = 0;
		};
/* End PBXSourcesBuildPhase section */

/* Begin PBXTargetDependency section */
		OBJ_112 /* PBXTargetDependency */ = {
			isa = PBXTargetDependency;
			target = "Swiftlet::SwiftletKit" /* SwiftletKit */;
			targetProxy = D1210C0C215039EA00E577F0 /* PBXContainerItemProxy */;
		};
		OBJ_114 /* PBXTargetDependency */ = {
			isa = PBXTargetDependency;
			target = "Splash::Splash" /* Splash */;
			targetProxy = D1210C0E215039EA00E577F0 /* PBXContainerItemProxy */;
		};
		OBJ_127 /* PBXTargetDependency */ = {
			isa = PBXTargetDependency;
			target = "Splash::Splash" /* Splash */;
			targetProxy = D1210C0D215039EA00E577F0 /* PBXContainerItemProxy */;
		};
		OBJ_138 /* PBXTargetDependency */ = {
			isa = PBXTargetDependency;
			target = "Swiftlet::SwiftletTests" /* SwiftletTests */;
			targetProxy = D1210C11215039EB00E577F0 /* PBXContainerItemProxy */;
		};
		OBJ_148 /* PBXTargetDependency */ = {
			isa = PBXTargetDependency;
			target = "Swiftlet::SwiftletKit" /* SwiftletKit */;
			targetProxy = D1210C0F215039EA00E577F0 /* PBXContainerItemProxy */;
		};
		OBJ_149 /* PBXTargetDependency */ = {
			isa = PBXTargetDependency;
			target = "Splash::Splash" /* Splash */;
			targetProxy = D1210C10215039EA00E577F0 /* PBXContainerItemProxy */;
		};
		OBJ_154 /* PBXTargetDependency */ = {
			isa = PBXTargetDependency;
			target = "Swiftlet::Swiftlet" /* Swiftlet */;
			targetProxy = D1210C12215039EB00E577F0 /* PBXContainerItemProxy */;
		};
/* End PBXTargetDependency section */

/* Begin XCBuildConfiguration section */
		OBJ_100 /* Release */ = {
			isa = XCBuildConfiguration;
			buildSettings = {
				LD = /usr/bin/true;
				OTHER_SWIFT_FLAGS = "-swift-version 4 -I $(TOOLCHAIN_DIR)/usr/lib/swift/pm/4 -target x86_64-apple-macosx10.10 -sdk /Applications/Xcode-10GM.app/Contents/Developer/Platforms/MacOSX.platform/Developer/SDKs/MacOSX10.14.sdk";
				SWIFT_VERSION = 4.0;
			};
			name = Release;
		};
		OBJ_105 /* Debug */ = {
			isa = XCBuildConfiguration;
			buildSettings = {
				FRAMEWORK_SEARCH_PATHS = (
					"$(inherited)",
					"$(PLATFORM_DIR)/Developer/Library/Frameworks",
				);
				HEADER_SEARCH_PATHS = "$(inherited)";
				INFOPLIST_FILE = Swiftlet.xcodeproj/Swiftlet_Info.plist;
				LD_RUNPATH_SEARCH_PATHS = "$(inherited) $(TOOLCHAIN_DIR)/usr/lib/swift/macosx @executable_path";
				OTHER_CFLAGS = "$(inherited)";
				OTHER_LDFLAGS = "$(inherited)";
				OTHER_SWIFT_FLAGS = "$(inherited)";
				SWIFT_ACTIVE_COMPILATION_CONDITIONS = "$(inherited)";
				SWIFT_FORCE_DYNAMIC_LINK_STDLIB = YES;
				SWIFT_FORCE_STATIC_LINK_STDLIB = NO;
				SWIFT_VERSION = 4.0;
				TARGET_NAME = Swiftlet;
			};
			name = Debug;
		};
		OBJ_106 /* Release */ = {
			isa = XCBuildConfiguration;
			buildSettings = {
				FRAMEWORK_SEARCH_PATHS = (
					"$(inherited)",
					"$(PLATFORM_DIR)/Developer/Library/Frameworks",
				);
				HEADER_SEARCH_PATHS = "$(inherited)";
				INFOPLIST_FILE = Swiftlet.xcodeproj/Swiftlet_Info.plist;
				LD_RUNPATH_SEARCH_PATHS = "$(inherited) $(TOOLCHAIN_DIR)/usr/lib/swift/macosx @executable_path";
				OTHER_CFLAGS = "$(inherited)";
				OTHER_LDFLAGS = "$(inherited)";
				OTHER_SWIFT_FLAGS = "$(inherited)";
				SWIFT_ACTIVE_COMPILATION_CONDITIONS = "$(inherited)";
				SWIFT_FORCE_DYNAMIC_LINK_STDLIB = YES;
				SWIFT_FORCE_STATIC_LINK_STDLIB = NO;
				SWIFT_VERSION = 4.0;
				TARGET_NAME = Swiftlet;
			};
			name = Release;
		};
		OBJ_116 /* Debug */ = {
			isa = XCBuildConfiguration;
			buildSettings = {
				ENABLE_TESTABILITY = YES;
				FRAMEWORK_SEARCH_PATHS = (
					"$(inherited)",
					"$(PLATFORM_DIR)/Developer/Library/Frameworks",
				);
				HEADER_SEARCH_PATHS = "$(inherited)";
				INFOPLIST_FILE = Swiftlet.xcodeproj/SwiftletKit_Info.plist;
				LD_RUNPATH_SEARCH_PATHS = "$(inherited) $(TOOLCHAIN_DIR)/usr/lib/swift/macosx";
				OTHER_CFLAGS = "$(inherited)";
				OTHER_LDFLAGS = "$(inherited)";
				OTHER_SWIFT_FLAGS = "$(inherited)";
				PRODUCT_BUNDLE_IDENTIFIER = SwiftletKit;
				PRODUCT_MODULE_NAME = "$(TARGET_NAME:c99extidentifier)";
				PRODUCT_NAME = "$(TARGET_NAME:c99extidentifier)";
				SKIP_INSTALL = YES;
				SWIFT_ACTIVE_COMPILATION_CONDITIONS = "$(inherited)";
				SWIFT_VERSION = 4.0;
				TARGET_NAME = SwiftletKit;
			};
			name = Debug;
		};
		OBJ_117 /* Release */ = {
			isa = XCBuildConfiguration;
			buildSettings = {
				ENABLE_TESTABILITY = YES;
				FRAMEWORK_SEARCH_PATHS = (
					"$(inherited)",
					"$(PLATFORM_DIR)/Developer/Library/Frameworks",
				);
				HEADER_SEARCH_PATHS = "$(inherited)";
				INFOPLIST_FILE = Swiftlet.xcodeproj/SwiftletKit_Info.plist;
				LD_RUNPATH_SEARCH_PATHS = "$(inherited) $(TOOLCHAIN_DIR)/usr/lib/swift/macosx";
				OTHER_CFLAGS = "$(inherited)";
				OTHER_LDFLAGS = "$(inherited)";
				OTHER_SWIFT_FLAGS = "$(inherited)";
				PRODUCT_BUNDLE_IDENTIFIER = SwiftletKit;
				PRODUCT_MODULE_NAME = "$(TARGET_NAME:c99extidentifier)";
				PRODUCT_NAME = "$(TARGET_NAME:c99extidentifier)";
				SKIP_INSTALL = YES;
				SWIFT_ACTIVE_COMPILATION_CONDITIONS = "$(inherited)";
				SWIFT_VERSION = 4.0;
				TARGET_NAME = SwiftletKit;
			};
			name = Release;
		};
		OBJ_130 /* Debug */ = {
			isa = XCBuildConfiguration;
			buildSettings = {
				LD = /usr/bin/true;
				OTHER_SWIFT_FLAGS = "-swift-version 4 -I $(TOOLCHAIN_DIR)/usr/lib/swift/pm/4 -target x86_64-apple-macosx10.10 -sdk /Applications/Xcode-10GM.app/Contents/Developer/Platforms/MacOSX.platform/Developer/SDKs/MacOSX10.14.sdk";
				SWIFT_VERSION = 4.0;
			};
			name = Debug;
		};
		OBJ_131 /* Release */ = {
			isa = XCBuildConfiguration;
			buildSettings = {
				LD = /usr/bin/true;
				OTHER_SWIFT_FLAGS = "-swift-version 4 -I $(TOOLCHAIN_DIR)/usr/lib/swift/pm/4 -target x86_64-apple-macosx10.10 -sdk /Applications/Xcode-10GM.app/Contents/Developer/Platforms/MacOSX.platform/Developer/SDKs/MacOSX10.14.sdk";
				SWIFT_VERSION = 4.0;
			};
			name = Release;
		};
		OBJ_136 /* Debug */ = {
			isa = XCBuildConfiguration;
			buildSettings = {
			};
			name = Debug;
		};
		OBJ_137 /* Release */ = {
			isa = XCBuildConfiguration;
			buildSettings = {
			};
			name = Release;
		};
		OBJ_141 /* Debug */ = {
			isa = XCBuildConfiguration;
			buildSettings = {
				CLANG_ENABLE_MODULES = YES;
				EMBEDDED_CONTENT_CONTAINS_SWIFT = YES;
				FRAMEWORK_SEARCH_PATHS = (
					"$(inherited)",
					"$(PLATFORM_DIR)/Developer/Library/Frameworks",
				);
				HEADER_SEARCH_PATHS = "$(inherited)";
				INFOPLIST_FILE = Swiftlet.xcodeproj/SwiftletTests_Info.plist;
				LD_RUNPATH_SEARCH_PATHS = "$(inherited) @loader_path/../Frameworks @loader_path/Frameworks";
				OTHER_CFLAGS = "$(inherited)";
				OTHER_LDFLAGS = "$(inherited)";
				OTHER_SWIFT_FLAGS = "$(inherited)";
				SWIFT_ACTIVE_COMPILATION_CONDITIONS = "$(inherited)";
				SWIFT_VERSION = 4.0;
				TARGET_NAME = SwiftletTests;
			};
			name = Debug;
		};
		OBJ_142 /* Release */ = {
			isa = XCBuildConfiguration;
			buildSettings = {
				CLANG_ENABLE_MODULES = YES;
				EMBEDDED_CONTENT_CONTAINS_SWIFT = YES;
				FRAMEWORK_SEARCH_PATHS = (
					"$(inherited)",
					"$(PLATFORM_DIR)/Developer/Library/Frameworks",
				);
				HEADER_SEARCH_PATHS = "$(inherited)";
				INFOPLIST_FILE = Swiftlet.xcodeproj/SwiftletTests_Info.plist;
				LD_RUNPATH_SEARCH_PATHS = "$(inherited) @loader_path/../Frameworks @loader_path/Frameworks";
				OTHER_CFLAGS = "$(inherited)";
				OTHER_LDFLAGS = "$(inherited)";
				OTHER_SWIFT_FLAGS = "$(inherited)";
				SWIFT_ACTIVE_COMPILATION_CONDITIONS = "$(inherited)";
				SWIFT_VERSION = 4.0;
				TARGET_NAME = SwiftletTests;
			};
			name = Release;
		};
		OBJ_152 /* Debug */ = {
			isa = XCBuildConfiguration;
			buildSettings = {
			};
			name = Debug;
		};
		OBJ_153 /* Release */ = {
			isa = XCBuildConfiguration;
			buildSettings = {
			};
			name = Release;
		};
		OBJ_3 /* Debug */ = {
			isa = XCBuildConfiguration;
			buildSettings = {
				CLANG_ENABLE_OBJC_ARC = YES;
				COMBINE_HIDPI_IMAGES = YES;
				COPY_PHASE_STRIP = NO;
				DEBUG_INFORMATION_FORMAT = dwarf;
				DYLIB_INSTALL_NAME_BASE = "@rpath";
				ENABLE_NS_ASSERTIONS = YES;
				GCC_OPTIMIZATION_LEVEL = 0;
				GCC_PREPROCESSOR_DEFINITIONS = (
					"DEBUG=1",
					"$(inherited)",
				);
				MACOSX_DEPLOYMENT_TARGET = 10.10;
				ONLY_ACTIVE_ARCH = YES;
				OTHER_SWIFT_FLAGS = "-DXcode";
				PRODUCT_NAME = "$(TARGET_NAME)";
				SDKROOT = macosx;
				SUPPORTED_PLATFORMS = "macosx iphoneos iphonesimulator appletvos appletvsimulator watchos watchsimulator";
				SWIFT_ACTIVE_COMPILATION_CONDITIONS = "SWIFT_PACKAGE DEBUG";
				SWIFT_OPTIMIZATION_LEVEL = "-Onone";
				USE_HEADERMAP = NO;
			};
			name = Debug;
		};
		OBJ_4 /* Release */ = {
			isa = XCBuildConfiguration;
			buildSettings = {
				CLANG_ENABLE_OBJC_ARC = YES;
				COMBINE_HIDPI_IMAGES = YES;
				COPY_PHASE_STRIP = YES;
				DEBUG_INFORMATION_FORMAT = "dwarf-with-dsym";
				DYLIB_INSTALL_NAME_BASE = "@rpath";
				GCC_OPTIMIZATION_LEVEL = s;
				MACOSX_DEPLOYMENT_TARGET = 10.10;
				OTHER_SWIFT_FLAGS = "-DXcode";
				PRODUCT_NAME = "$(TARGET_NAME)";
				SDKROOT = macosx;
				SUPPORTED_PLATFORMS = "macosx iphoneos iphonesimulator appletvos appletvsimulator watchos watchsimulator";
				SWIFT_ACTIVE_COMPILATION_CONDITIONS = SWIFT_PACKAGE;
				SWIFT_OPTIMIZATION_LEVEL = "-Owholemodule";
				USE_HEADERMAP = NO;
			};
			name = Release;
		};
		OBJ_69 /* Debug */ = {
			isa = XCBuildConfiguration;
			buildSettings = {
				ENABLE_TESTABILITY = YES;
				FRAMEWORK_SEARCH_PATHS = (
					"$(inherited)",
					"$(PLATFORM_DIR)/Developer/Library/Frameworks",
				);
				HEADER_SEARCH_PATHS = "$(inherited)";
				INFOPLIST_FILE = Swiftlet.xcodeproj/Splash_Info.plist;
				LD_RUNPATH_SEARCH_PATHS = "$(inherited) $(TOOLCHAIN_DIR)/usr/lib/swift/macosx";
				OTHER_CFLAGS = "$(inherited)";
				OTHER_LDFLAGS = "$(inherited)";
				OTHER_SWIFT_FLAGS = "$(inherited)";
				PRODUCT_BUNDLE_IDENTIFIER = Splash;
				PRODUCT_MODULE_NAME = "$(TARGET_NAME:c99extidentifier)";
				PRODUCT_NAME = "$(TARGET_NAME:c99extidentifier)";
				SKIP_INSTALL = YES;
				SWIFT_ACTIVE_COMPILATION_CONDITIONS = "$(inherited)";
				SWIFT_VERSION = 4.0;
				TARGET_NAME = Splash;
			};
			name = Debug;
		};
		OBJ_70 /* Release */ = {
			isa = XCBuildConfiguration;
			buildSettings = {
				ENABLE_TESTABILITY = YES;
				FRAMEWORK_SEARCH_PATHS = (
					"$(inherited)",
					"$(PLATFORM_DIR)/Developer/Library/Frameworks",
				);
				HEADER_SEARCH_PATHS = "$(inherited)";
				INFOPLIST_FILE = Swiftlet.xcodeproj/Splash_Info.plist;
				LD_RUNPATH_SEARCH_PATHS = "$(inherited) $(TOOLCHAIN_DIR)/usr/lib/swift/macosx";
				OTHER_CFLAGS = "$(inherited)";
				OTHER_LDFLAGS = "$(inherited)";
				OTHER_SWIFT_FLAGS = "$(inherited)";
				PRODUCT_BUNDLE_IDENTIFIER = Splash;
				PRODUCT_MODULE_NAME = "$(TARGET_NAME:c99extidentifier)";
				PRODUCT_NAME = "$(TARGET_NAME:c99extidentifier)";
				SKIP_INSTALL = YES;
				SWIFT_ACTIVE_COMPILATION_CONDITIONS = "$(inherited)";
				SWIFT_VERSION = 4.0;
				TARGET_NAME = Splash;
			};
			name = Release;
		};
		OBJ_99 /* Debug */ = {
			isa = XCBuildConfiguration;
			buildSettings = {
				LD = /usr/bin/true;
				OTHER_SWIFT_FLAGS = "-swift-version 4 -I $(TOOLCHAIN_DIR)/usr/lib/swift/pm/4 -target x86_64-apple-macosx10.10 -sdk /Applications/Xcode-10GM.app/Contents/Developer/Platforms/MacOSX.platform/Developer/SDKs/MacOSX10.14.sdk";
				SWIFT_VERSION = 4.0;
			};
			name = Debug;
		};
/* End XCBuildConfiguration section */

/* Begin XCConfigurationList section */
		OBJ_104 /* Build configuration list for PBXNativeTarget "Swiftlet" */ = {
			isa = XCConfigurationList;
			buildConfigurations = (
				OBJ_105 /* Debug */,
				OBJ_106 /* Release */,
			);
			defaultConfigurationIsVisible = 0;
			defaultConfigurationName = Release;
		};
		OBJ_115 /* Build configuration list for PBXNativeTarget "SwiftletKit" */ = {
			isa = XCConfigurationList;
			buildConfigurations = (
				OBJ_116 /* Debug */,
				OBJ_117 /* Release */,
			);
			defaultConfigurationIsVisible = 0;
			defaultConfigurationName = Release;
		};
		OBJ_129 /* Build configuration list for PBXNativeTarget "SwiftletPackageDescription" */ = {
			isa = XCConfigurationList;
			buildConfigurations = (
				OBJ_130 /* Debug */,
				OBJ_131 /* Release */,
			);
			defaultConfigurationIsVisible = 0;
			defaultConfigurationName = Release;
		};
		OBJ_135 /* Build configuration list for PBXAggregateTarget "SwiftletPackageTests" */ = {
			isa = XCConfigurationList;
			buildConfigurations = (
				OBJ_136 /* Debug */,
				OBJ_137 /* Release */,
			);
			defaultConfigurationIsVisible = 0;
			defaultConfigurationName = Release;
		};
		OBJ_140 /* Build configuration list for PBXNativeTarget "SwiftletTests" */ = {
			isa = XCConfigurationList;
			buildConfigurations = (
				OBJ_141 /* Debug */,
				OBJ_142 /* Release */,
			);
			defaultConfigurationIsVisible = 0;
			defaultConfigurationName = Release;
		};
		OBJ_151 /* Build configuration list for PBXAggregateTarget "swiftlet" */ = {
			isa = XCConfigurationList;
			buildConfigurations = (
				OBJ_152 /* Debug */,
				OBJ_153 /* Release */,
			);
			defaultConfigurationIsVisible = 0;
			defaultConfigurationName = Release;
		};
		OBJ_2 /* Build configuration list for PBXProject "Swiftlet" */ = {
			isa = XCConfigurationList;
			buildConfigurations = (
				OBJ_3 /* Debug */,
				OBJ_4 /* Release */,
			);
			defaultConfigurationIsVisible = 0;
			defaultConfigurationName = Release;
		};
		OBJ_68 /* Build configuration list for PBXNativeTarget "Splash" */ = {
			isa = XCConfigurationList;
			buildConfigurations = (
				OBJ_69 /* Debug */,
				OBJ_70 /* Release */,
			);
			defaultConfigurationIsVisible = 0;
			defaultConfigurationName = Release;
		};
		OBJ_98 /* Build configuration list for PBXNativeTarget "SplashPackageDescription" */ = {
			isa = XCConfigurationList;
			buildConfigurations = (
				OBJ_99 /* Debug */,
				OBJ_100 /* Release */,
			);
			defaultConfigurationIsVisible = 0;
			defaultConfigurationName = Release;
		};
/* End XCConfigurationList section */
	};
	rootObject = OBJ_1 /* Project object */;
}
